
Microsoft Visual Studio Solution File, Format Version 12.00
# Visual Studio Version 16
VisualStudioVersion = 16.0.31424.327
MinimumVisualStudioVersion = 10.0.40219.1
Project("{FAE04EC0-301F-11D3-BF4B-00C04F79EFBC}") = "AulaOO2", "AulaOO2\AulaOO2.csproj", "{D64492A7-01C5-4292-85CD-3D90DB0B5584}"
EndProject
Global
	GlobalSection(SolutionConfigurationPlatforms) = preSolution
		Debug|Any CPU = Debug|Any CPU
		Release|Any CPU = Release|Any CPU
	EndGlobalSection
	GlobalSection(ProjectConfigurationPlatforms) = postSolution
		{D64492A7-01C5-4292-85CD-3D90DB0B5584}.Debug|Any CPU.ActiveCfg = Debug|Any CPU
		{D64492A7-01C5-4292-85CD-3D90DB0B5584}.Debug|Any CPU.Build.0 = Debug|Any CPU
		{D64492A7-01C5-4292-85CD-3D90DB0B5584}.Release|Any CPU.ActiveCfg = Release|Any CPU
		{D64492A7-01C5-4292-85CD-3D90DB0B5584}.Release|Any CPU.Build.0 = Release|Any CPU
	EndGlobalSection
	GlobalSection(SolutionProperties) = preSolution
		HideSolutionNode = FALSE
	EndGlobalSection
	GlobalSection(ExtensibilityGlobals) = postSolution
		SolutionGuid = {50974DCC-59A3-4B07-AA4C-91E39BA9A328}
	EndGlobalSection
EndGlobal
